
Microsoft Visual Studio Solution File, Format Version 12.00
# Visual Studio Version 16
VisualStudioVersion = 16.0.29209.62
MinimumVisualStudioVersion = 10.0.40219.1
Project("{FAE04EC0-301F-11D3-BF4B-00C04F79EFBC}") = "Task 4 IDE coursework", "Task 4 IDE coursework.csproj", "{98CDB4FE-2373-4E39-BC9B-75EAA2221E8A}"
EndProject
Global
	GlobalSection(SolutionConfigurationPlatforms) = preSolution
		Debug|Any CPU = Debug|Any CPU
		Release|Any CPU = Release|Any CPU
	EndGlobalSection
	GlobalSection(ProjectConfigurationPlatforms) = postSolution
		{98CDB4FE-2373-4E39-BC9B-75EAA2221E8A}.Debug|Any CPU.ActiveCfg = Debug|Any CPU
		{98CDB4FE-2373-4E39-BC9B-75EAA2221E8A}.Debug|Any CPU.Build.0 = Debug|Any CPU
		{98CDB4FE-2373-4E39-BC9B-75EAA2221E8A}.Release|Any CPU.ActiveCfg = Release|Any CPU
		{98CDB4FE-2373-4E39-BC9B-75EAA2221E8A}.Release|Any CPU.Build.0 = Release|Any CPU
	EndGlobalSection
	GlobalSection(SolutionProperties) = preSolution
		HideSolutionNode = FALSE
	EndGlobalSection
	GlobalSection(ExtensibilityGlobals) = postSolution
		SolutionGuid = {FB59CF81-36B6-4D6C-8647-EAF2F649EE97}
	EndGlobalSection
EndGlobal
